<?xml version="1.0" encoding="utf-8"?>
<Project ToolsVersion="4.0" xmlns="http://schemas.microsoft.com/developer/msbuild/2003">
  <ItemGroup>
    <Filter Include="Class">
      <UniqueIdentifier>{bb293ba4-1be2-41cc-99f8-bb41cee971e5}</UniqueIdentifier>
    </Filter>
    <Filter Include="Source">
      <UniqueIdentifier>{cc851cd1-cbf5-4513-83d0-4db129993baf}</UniqueIdentifier>
    </Filter>
    <Filter Include="Class\Application">
      <UniqueIdentifier>{66785875-1265-4ff6-b8df-d6b362e283d6}</UniqueIdentifier>
    </Filter>
    <Filter Include="Class\Common">
      <UniqueIdentifier>{424ec95f-aad6-4f52-8197-d84bc0a7ae4e}</UniqueIdentifier>
    </Filter>
    <Filter Include="Class\Common\Debug">
      <UniqueIdentifier>{1335f357-b050-4156-8426-f42174ab7072}</UniqueIdentifier>
    </Filter>
    <Filter Include="Class\Camera">
      <UniqueIdentifier>{da0c5fab-538d-44fe-b972-f20382c342ee}</UniqueIdentifier>
    </Filter>
    <Filter Include="Class\Enemy">
      <UniqueIdentifier>{c1443469-22f9-4a3a-b2a8-81a42e3c0301}</UniqueIdentifier>
    </Filter>
    <Filter Include="Class\Explosion">
      <UniqueIdentifier>{59006d72-84c2-4b3d-af12-3ec05267736d}</UniqueIdentifier>
    </Filter>
    <Filter Include="Class\Graphic">
      <UniqueIdentifier>{26c10e07-4d8e-49f4-a350-f5a93d456b19}</UniqueIdentifier>
    </Filter>
    <Filter Include="Class\Graphic\Model">
      <UniqueIdentifier>{856aadfb-333c-46f1-928c-42a4cd0ffb08}</UniqueIdentifier>
    </Filter>
    <Filter Include="Class\Graphic\Texture">
      <UniqueIdentifier>{bc1eeee4-7c64-4c41-aca7-53f889bc1322}</UniqueIdentifier>
    </Filter>
    <Filter Include="Class\Light">
      <UniqueIdentifier>{d1525b41-37f6-4fc4-ad84-293ff86e8877}</UniqueIdentifier>
    </Filter>
    <Filter Include="Class\Player">
      <UniqueIdentifier>{5108624a-f0ce-4619-ac7d-d29c5ec144c6}</UniqueIdentifier>
    </Filter>
    <Filter Include="Class\Shot">
      <UniqueIdentifier>{0d72234d-a16d-4477-adc4-0c95c8b17dd0}</UniqueIdentifier>
    </Filter>
    <Filter Include="Class\Shot\Bullet">
      <UniqueIdentifier>{6ba25d7c-07f5-4df9-8c4a-7f420543bc12}</UniqueIdentifier>
    </Filter>
    <Filter Include="Class\Shot\Bomb">
      <UniqueIdentifier>{1825aaa4-97bb-4743-9ee2-77dec2599601}</UniqueIdentifier>
    </Filter>
    <Filter Include="Class\Shot\Razer">
      <UniqueIdentifier>{aea22ff6-1bf9-46df-b80f-3f2ccc1e7f41}</UniqueIdentifier>
    </Filter>
    <Filter Include="Class\Stage">
      <UniqueIdentifier>{89df128f-8c2e-47a7-800d-dfc53d12d415}</UniqueIdentifier>
    </Filter>
  </ItemGroup>
  <ItemGroup>
    <ClCompile Include="Player.cpp">
      <Filter>Class\Player</Filter>
    </ClCompile>
    <ClCompile Include="Bomb.cpp">
      <Filter>Class\Shot\Bomb</Filter>
    </ClCompile>
    <ClCompile Include="Bullet.cpp">
      <Filter>Class\Shot\Bullet</Filter>
    </ClCompile>
    <ClCompile Include="Razer.cpp">
      <Filter>Class\Shot\Razer</Filter>
    </ClCompile>
    <ClCompile Include="Stage.cpp">
      <Filter>Class\Stage</Filter>
    </ClCompile>
    <ClCompile Include="Main.cpp">
      <Filter>Source</Filter>
    </ClCompile>
    <ClCompile Include="Light.cpp">
      <Filter>Class\Light</Filter>
    </ClCompile>
    <ClCompile Include="Graphic.cpp">
      <Filter>Class\Graphic</Filter>
    </ClCompile>
    <ClCompile Include="Texture.cpp">
      <Filter>Class\Graphic\Texture</Filter>
    </ClCompile>
    <ClCompile Include="Model.cpp">
      <Filter>Class\Graphic\Model</Filter>
    </ClCompile>
    <ClCompile Include="Explosion.cpp">
      <Filter>Class\Explosion</Filter>
    </ClCompile>
    <ClCompile Include="Enemy.cpp">
      <Filter>Class\Enemy</Filter>
    </ClCompile>
    <ClCompile Include="Common.cpp">
      <Filter>Class\Common</Filter>
    </ClCompile>
    <ClCompile Include="Debug.cpp">
      <Filter>Class\Common\Debug</Filter>
    </ClCompile>
    <ClCompile Include="Camera.cpp">
      <Filter>Class\Camera</Filter>
    </ClCompile>
    <ClCompile Include="Application.cpp">
      <Filter>Class\Application</Filter>
    </ClCompile>
  </ItemGroup>
  <ItemGroup>
    <ClInclude Include="Player.h">
      <Filter>Class\Player</Filter>
    </ClInclude>
    <ClInclude Include="Bomb.h">
      <Filter>Class\Shot\Bomb</Filter>
    </ClInclude>
    <ClInclude Include="Bullet.h">
      <Filter>Class\Shot\Bullet</Filter>
    </ClInclude>
    <ClInclude Include="Razer.h">
      <Filter>Class\Shot\Razer</Filter>
    </ClInclude>
    <ClInclude Include="Stage.h">
      <Filter>Class\Stage</Filter>
    </ClInclude>
    <ClInclude Include="Lib.h">
      <Filter>Class</Filter>
    </ClInclude>
    <ClInclude Include="Light.h">
      <Filter>Class\Light</Filter>
    </ClInclude>
    <ClInclude Include="Graphic.h">
      <Filter>Class\Graphic</Filter>
    </ClInclude>
    <ClInclude Include="Texture.h">
      <Filter>Class\Graphic\Texture</Filter>
    </ClInclude>
    <ClInclude Include="Model.h">
      <Filter>Class\Graphic\Model</Filter>
    </ClInclude>
    <ClInclude Include="Explosion.h">
      <Filter>Class\Explosion</Filter>
    </ClInclude>
    <ClInclude Include="Enemy.h">
      <Filter>Class\Enemy</Filter>
    </ClInclude>
    <ClInclude Include="Common.h">
      <Filter>Class\Common</Filter>
    </ClInclude>
    <ClInclude Include="Debug.h">
      <Filter>Class\Common\Debug</Filter>
    </ClInclude>
    <ClInclude Include="Camera.h">
      <Filter>Class\Camera</Filter>
    </ClInclude>
    <ClInclude Include="Application.h">
      <Filter>Class\Application</Filter>
    </ClInclude>
  </ItemGroup>
</Project>